{
  "name": "rf-vaultwarden-domain-rules",
  "version": "2.0.0",
  "lockfileVersion": 3,
  "requires": true,
  "packages": {
    "": {
      "name": "rf-vaultwarden-domain-rules",
      "version": "2.0.0",
      "dependencies": {
        "tldts": "7.4.11"
      },
      "engines": {
        "node": ">=20"
      }
    },
    "node_modules/tldts": {
      "version": "7.4.11",
      "resolved": "https://registry.npmjs.org/tldts/-/tldts-7.4.11.tgz",
      "integrity": "sha512-aBiNayCfTQxuIJBm06M+xR14cYaYlDlSXZbgsnKzKNxDKUVq7KFwTjwBSsb7m9Y5xO8WfPnBc63WaYFMTGlvqw==",
      "license": "MIT",
      "dependencies": {
        "tldts-core": "^7.4.11"
      },
      "bin": {
        "tldts": "bin/cli.js"
      }
    },
    "node_modules/tldts-core": {
      "version": "7.4.11",
      "resolved": "https://registry.npmjs.org/tldts-core/-/tldts-core-7.4.11.tgz",
      "integrity": "sha512-CW3WN2rIIE/Of21mulhgnGOwoDyEFNygyIBOONSdyAuSATgMMUCpLeUlB+E8sAwA5xRV9hYPl+kyZ9citHCaKg==",
      "license": "MIT"
    }
  }
}
